
Microsoft Visual Studio Solution File, Format Version 12.00
# Visual Studio Version 17
VisualStudioVersion = 17.10.35013.160
MinimumVisualStudioVersion = 10.0.40219.1
Project("{9A19103F-16F7-4668-BE54-9A1E7A4F7556}") = "MyRestApi", "MyRestApi.csproj", "{7C8F5DF9-D57E-4F91-AE88-67F4544B6E4B}"
EndProject
Global
	GlobalSection(SolutionConfigurationPlatforms) = preSolution
		Debug|Any CPU = Debug|Any CPU
		Release|Any CPU = Release|Any CPU
	EndGlobalSection
	GlobalSection(ProjectConfigurationPlatforms) = postSolution
		{7C8F5DF9-D57E-4F91-AE88-67F4544B6E4B}.Debug|Any CPU.ActiveCfg = Debug|Any CPU
		{7C8F5DF9-D57E-4F91-AE88-67F4544B6E4B}.Debug|Any CPU.Build.0 = Debug|Any CPU
		{7C8F5DF9-D57E-4F91-AE88-67F4544B6E4B}.Release|Any CPU.ActiveCfg = Release|Any CPU
		{7C8F5DF9-D57E-4F91-AE88-67F4544B6E4B}.Release|Any CPU.Build.0 = Release|Any CPU
	EndGlobalSection
	GlobalSection(SolutionProperties) = preSolution
		HideSolutionNode = FALSE
	EndGlobalSection
	GlobalSection(ExtensibilityGlobals) = postSolution
		SolutionGuid = {DBAD512A-B0BD-44F2-A21E-1D9DA38234D1}
	EndGlobalSection
EndGlobal
